{
  "version": "5",
  "specifiers": {
    "jsr:@std/assert@1": "1.0.19",
    "jsr:@std/internal@^1.0.12": "1.0.14"
  },
  "jsr": {
    "@std/assert@1.0.19": {
      "integrity": "eaada96ee120cb980bc47e040f82814d786fe8162ecc53c91d8df60b8755991e",
      "dependencies": [
        "jsr:@std/internal"
      ]
    },
    "@std/internal@1.0.14": {
      "integrity": "291516b3d4c35024d6ffbc0a9df5bf4c64116e05b50012cf846710152d2ffdf7"
    }
  },
  "remote": {
    "https://unpkg.com/maplibre-gl@6.0.0/dist/maplibre-gl-shared.mjs": "ba5bae6a93301ad92b8466fce6b80f8299c5825c41ae76496293bde34db96713",
    "https://unpkg.com/maplibre-gl@6.0.0/dist/maplibre-gl.mjs": "a641b06ae13a7aecc688c2de315b6483353ff62ba8276367e19acf51394fd3b1"
  }
}
